{
  "name": "fractal",
  "version": "1.0.0",
  "lockfileVersion": 1,
  "requires": true,
  "dependencies": {
    "esbuild": {
      "version": "0.12.4",
      "resolved": "https://registry.npmjs.org/esbuild/-/esbuild-0.12.4.tgz",
      "integrity": "sha512-HObgzMHbba5HzsHzxj1ccDIPWncCCCQjoruuLyS5geidwndqgLsjZEMt0XeSYIIbqoJFENGCEFQt4m2PtAFK2Q==",
      "dev": true
    },
    "typescript": {
      "version": "4.3.2",
      "resolved": "https://registry.npmjs.org/typescript/-/typescript-4.3.2.tgz",
      "integrity": "sha512-zZ4hShnmnoVnAHpVHWpTcxdv7dWP60S2FsydQLV8V5PbS3FifjWFFRiHSWpDJahly88PRyV5teTSLoq4eG7mKw==",
      "dev": true
    }
  }
}
